
Microsoft Visual Studio Solution File, Format Version 12.00
# Visual Studio Version 17
VisualStudioVersion = 17.5.33516.290
MinimumVisualStudioVersion = 10.0.40219.1
Project("{9A19103F-16F7-4668-BE54-9A1E7A4F7556}") = "SQLQueryLineage", "SQLQueryLineage.csproj", "{B9AB6854-0836-47FA-B52C-5E1CA44610CD}"
EndProject
Project("{9A19103F-16F7-4668-BE54-9A1E7A4F7556}") = "SQLQueryLineageTesting", "..\SQLQueryLineageTesting\SQLQueryLineageTesting.csproj", "{22107334-28C7-4543-AE20-E4DEE506B376}"
EndProject
Project("{2150E333-8FDC-42A3-9474-1A3956D46DE8}") = "Solution Items", "Solution Items", "{9CA876E7-B700-4256-A0B0-7EA03DB3156D}"
	ProjectSection(SolutionItems) = preProject
		..\.github\workflows\dotnet.yml = ..\.github\workflows\dotnet.yml
	EndProjectSection
EndProject
Global
	GlobalSection(SolutionConfigurationPlatforms) = preSolution
		Debug|Any CPU = Debug|Any CPU
		Release|Any CPU = Release|Any CPU
	EndGlobalSection
	GlobalSection(ProjectConfigurationPlatforms) = postSolution
		{B9AB6854-0836-47FA-B52C-5E1CA44610CD}.Debug|Any CPU.ActiveCfg = Debug|Any CPU
		{B9AB6854-0836-47FA-B52C-5E1CA44610CD}.Debug|Any CPU.Build.0 = Debug|Any CPU
		{B9AB6854-0836-47FA-B52C-5E1CA44610CD}.Release|Any CPU.ActiveCfg = Release|Any CPU
		{B9AB6854-0836-47FA-B52C-5E1CA44610CD}.Release|Any CPU.Build.0 = Release|Any CPU
		{22107334-28C7-4543-AE20-E4DEE506B376}.Debug|Any CPU.ActiveCfg = Debug|Any CPU
		{22107334-28C7-4543-AE20-E4DEE506B376}.Debug|Any CPU.Build.0 = Debug|Any CPU
		{22107334-28C7-4543-AE20-E4DEE506B376}.Release|Any CPU.ActiveCfg = Release|Any CPU
		{22107334-28C7-4543-AE20-E4DEE506B376}.Release|Any CPU.Build.0 = Release|Any CPU
	EndGlobalSection
	GlobalSection(SolutionProperties) = preSolution
		HideSolutionNode = FALSE
	EndGlobalSection
	GlobalSection(ExtensibilityGlobals) = postSolution
		SolutionGuid = {0BCAEE6B-17B6-4E82-9A50-F42CF32B38D9}
	EndGlobalSection
EndGlobal
